
Microsoft Visual Studio Solution File, Format Version 12.00
# Visual Studio Version 16
VisualStudioVersion = 16.0.29806.167
MinimumVisualStudioVersion = 10.0.40219.1
Project("{FAE04EC0-301F-11D3-BF4B-00C04F79EFBC}") = "ConsoleUI", "ConsoleUI\ConsoleUI.csproj", "{DA542BBB-364F-42B6-A944-592DEC6D50B4}"
EndProject
Project("{FAE04EC0-301F-11D3-BF4B-00C04F79EFBC}") = "StockDataServices", "StockDataServices\StockDataServices.csproj", "{4453DBE5-332E-45D6-AF84-5C14360ACA82}"
EndProject
Global
	GlobalSection(SolutionConfigurationPlatforms) = preSolution
		Debug|Any CPU = Debug|Any CPU
		Release|Any CPU = Release|Any CPU
	EndGlobalSection
	GlobalSection(ProjectConfigurationPlatforms) = postSolution
		{DA542BBB-364F-42B6-A944-592DEC6D50B4}.Debug|Any CPU.ActiveCfg = Debug|Any CPU
		{DA542BBB-364F-42B6-A944-592DEC6D50B4}.Debug|Any CPU.Build.0 = Debug|Any CPU
		{DA542BBB-364F-42B6-A944-592DEC6D50B4}.Release|Any CPU.ActiveCfg = Release|Any CPU
		{DA542BBB-364F-42B6-A944-592DEC6D50B4}.Release|Any CPU.Build.0 = Release|Any CPU
		{4453DBE5-332E-45D6-AF84-5C14360ACA82}.Debug|Any CPU.ActiveCfg = Debug|Any CPU
		{4453DBE5-332E-45D6-AF84-5C14360ACA82}.Debug|Any CPU.Build.0 = Debug|Any CPU
		{4453DBE5-332E-45D6-AF84-5C14360ACA82}.Release|Any CPU.ActiveCfg = Release|Any CPU
		{4453DBE5-332E-45D6-AF84-5C14360ACA82}.Release|Any CPU.Build.0 = Release|Any CPU
	EndGlobalSection
	GlobalSection(SolutionProperties) = preSolution
		HideSolutionNode = FALSE
	EndGlobalSection
	GlobalSection(ExtensibilityGlobals) = postSolution
		SolutionGuid = {390C3665-E49F-49C2-9B25-22617419B615}
	EndGlobalSection
EndGlobal
